
Microsoft Visual Studio Solution File, Format Version 12.00
# Visual Studio Version 17
VisualStudioVersion = 17.10.35122.118
MinimumVisualStudioVersion = 10.0.40219.1
Project("{FAE04EC0-301F-11D3-BF4B-00C04F79EFBC}") = "Poo", "Poo.csproj", "{3D70194A-174B-4E58-A78F-D4C47ADCFC45}"
EndProject
Global
	GlobalSection(SolutionConfigurationPlatforms) = preSolution
		Debug|Any CPU = Debug|Any CPU
		Release|Any CPU = Release|Any CPU
	EndGlobalSection
	GlobalSection(ProjectConfigurationPlatforms) = postSolution
		{3D70194A-174B-4E58-A78F-D4C47ADCFC45}.Debug|Any CPU.ActiveCfg = Debug|Any CPU
		{3D70194A-174B-4E58-A78F-D4C47ADCFC45}.Debug|Any CPU.Build.0 = Debug|Any CPU
		{3D70194A-174B-4E58-A78F-D4C47ADCFC45}.Release|Any CPU.ActiveCfg = Release|Any CPU
		{3D70194A-174B-4E58-A78F-D4C47ADCFC45}.Release|Any CPU.Build.0 = Release|Any CPU
	EndGlobalSection
	GlobalSection(SolutionProperties) = preSolution
		HideSolutionNode = FALSE
	EndGlobalSection
	GlobalSection(ExtensibilityGlobals) = postSolution
		SolutionGuid = {126A0C4B-C778-4BAD-85DA-2FCE5B66099F}
	EndGlobalSection
EndGlobal
